
Microsoft Visual Studio Solution File, Format Version 12.00
# Visual Studio 15
VisualStudioVersion = 15.0.28010.2050
MinimumVisualStudioVersion = 10.0.40219.1
Project("{FAE04EC0-301F-11D3-BF4B-00C04F79EFBC}") = "OptimalPolicy", "OptimalPolicy\OptimalPolicy.csproj", "{251D8134-37CB-4143-8A44-ECB4158E1C9B}"
EndProject
Global
	GlobalSection(SolutionConfigurationPlatforms) = preSolution
		Debug|Any CPU = Debug|Any CPU
		Release|Any CPU = Release|Any CPU
	EndGlobalSection
	GlobalSection(ProjectConfigurationPlatforms) = postSolution
		{251D8134-37CB-4143-8A44-ECB4158E1C9B}.Debug|Any CPU.ActiveCfg = Debug|Any CPU
		{251D8134-37CB-4143-8A44-ECB4158E1C9B}.Debug|Any CPU.Build.0 = Debug|Any CPU
		{251D8134-37CB-4143-8A44-ECB4158E1C9B}.Release|Any CPU.ActiveCfg = Release|Any CPU
		{251D8134-37CB-4143-8A44-ECB4158E1C9B}.Release|Any CPU.Build.0 = Release|Any CPU
	EndGlobalSection
	GlobalSection(SolutionProperties) = preSolution
		HideSolutionNode = FALSE
	EndGlobalSection
	GlobalSection(ExtensibilityGlobals) = postSolution
		SolutionGuid = {2D9507F6-A990-4B8A-815A-F378C29F4FBB}
	EndGlobalSection
EndGlobal
